<?xml version="1.0" encoding="utf-8"?>
<Project ToolsVersion="4.0" xmlns="http://schemas.microsoft.com/developer/msbuild/2003">
  <ItemGroup>
    <Object Include="..\..\..\..\..\..\Irvine\Lib32\Irvine32_Library\Irvine32.obj" />
  </ItemGroup>
  <ItemGroup>
    <MASM Include="Plantilla_.asm" />
    <MASM Include="P_1_IntroVectores_.asm" />
    <MASM Include="P_2_IntroVectores2_.asm" />
    <MASM Include="P_3_Vector_.asm" />
    <MASM Include="P_4_Vector2_.asm" />
    <MASM Include="E_1_Mediana_.asm" />
    <MASM Include="P_5_Vector3_.asm" />
    <MASM Include="P_6_Vector4_.asm" />
    <MASM Include="P_7_RecorridoArreglos_.asm" />
    <MASM Include="P_8_ValorMayor_.asm" />
    <MASM Include="P_9_ValorMenor_.asm" />
    <MASM Include="P_10_CuantosMenoresQueX_.asm" />
    <MASM Include="E_3_Promedio_.asm" />
    <MASM Include="E_4_Pares_.asm" />
    <MASM Include="E_2_VectorPotencia_.asm" />
    <MASM Include="P_11_EntradaVector_.asm" />
    <MASM Include="P_12_DUP_.asm" />
    <MASM Include="P_13_LeerCaracteres_.asm" />
    <MASM Include="P_14_LeerCaracteresVector_.asm" />
    <MASM Include="P_15_ModificaCadena_.asm" />
    <MASM Include="P_16_ModificaCadena2_.asm" />
  </ItemGroup>
  <ItemGroup>
    <None Include="..\..\PM_U3_EQ_1\PM_U3_EQ_1\Macros.inc" />
  </ItemGroup>
</Project>